
Microsoft Visual Studio Solution File, Format Version 12.00
# Visual Studio 2013
VisualStudioVersion = 12.0.21005.1
MinimumVisualStudioVersion = 10.0.40219.1
Project("{FAE04EC0-301F-11D3-BF4B-00C04F79EFBC}") = "WebDemo", "WebDemo\WebDemo.csproj", "{A0FC675F-48BD-4D95-943F-ED839E16ABBE}"
EndProject
Project("{FAE04EC0-301F-11D3-BF4B-00C04F79EFBC}") = "ConsoleDemo", "ConsoleDemo\ConsoleDemo.csproj", "{0EC7CF54-FD32-4EF5-83D5-B4A67FBF9AD7}"
EndProject
Project("{FAE04EC0-301F-11D3-BF4B-00C04F79EFBC}") = "SharedPartial", "SharedPartial\SharedPartial.csproj", "{47AF5E99-A51C-4A63-84CC-BD0429336A9C}"
EndProject
Project("{2150E333-8FDC-42A3-9474-1A3956D46DE8}") = ".nuget", ".nuget", "{29D92FFB-E46F-48DD-8E26-5F425111CAC2}"
	ProjectSection(SolutionItems) = preProject
		.nuget\packages.config = .nuget\packages.config
	EndProjectSection
EndProject
Global
	GlobalSection(SolutionConfigurationPlatforms) = preSolution
		Debug|Any CPU = Debug|Any CPU
		Release|Any CPU = Release|Any CPU
	EndGlobalSection
	GlobalSection(ProjectConfigurationPlatforms) = postSolution
		{A0FC675F-48BD-4D95-943F-ED839E16ABBE}.Debug|Any CPU.ActiveCfg = Debug|Any CPU
		{A0FC675F-48BD-4D95-943F-ED839E16ABBE}.Debug|Any CPU.Build.0 = Debug|Any CPU
		{A0FC675F-48BD-4D95-943F-ED839E16ABBE}.Release|Any CPU.ActiveCfg = Release|Any CPU
		{A0FC675F-48BD-4D95-943F-ED839E16ABBE}.Release|Any CPU.Build.0 = Release|Any CPU
		{0EC7CF54-FD32-4EF5-83D5-B4A67FBF9AD7}.Debug|Any CPU.ActiveCfg = Debug|Any CPU
		{0EC7CF54-FD32-4EF5-83D5-B4A67FBF9AD7}.Debug|Any CPU.Build.0 = Debug|Any CPU
		{0EC7CF54-FD32-4EF5-83D5-B4A67FBF9AD7}.Release|Any CPU.ActiveCfg = Release|Any CPU
		{0EC7CF54-FD32-4EF5-83D5-B4A67FBF9AD7}.Release|Any CPU.Build.0 = Release|Any CPU
		{47AF5E99-A51C-4A63-84CC-BD0429336A9C}.Debug|Any CPU.ActiveCfg = Debug|Any CPU
		{47AF5E99-A51C-4A63-84CC-BD0429336A9C}.Debug|Any CPU.Build.0 = Debug|Any CPU
		{47AF5E99-A51C-4A63-84CC-BD0429336A9C}.Release|Any CPU.ActiveCfg = Release|Any CPU
		{47AF5E99-A51C-4A63-84CC-BD0429336A9C}.Release|Any CPU.Build.0 = Release|Any CPU
	EndGlobalSection
	GlobalSection(SolutionProperties) = preSolution
		HideSolutionNode = FALSE
	EndGlobalSection
EndGlobal
