
Microsoft Visual Studio Solution File, Format Version 12.00
# Visual Studio 15
VisualStudioVersion = 15.0.28307.136
MinimumVisualStudioVersion = 10.0.40219.1
Project("{FAE04EC0-301F-11D3-BF4B-00C04F79EFBC}") = "SkyTeleFault", "SkyTeleFault\SkyTeleFault.csproj", "{C75961C5-82CB-4ED6-95A7-1818F2BFBC31}"
EndProject
Global
	GlobalSection(SubversionScc) = preSolution
		Svn-Managed = True
		Manager = AnkhSVN - Subversion Support for Visual Studio
	EndGlobalSection
	GlobalSection(SolutionConfigurationPlatforms) = preSolution
		Debug|Any CPU = Debug|Any CPU
		Release|Any CPU = Release|Any CPU
	EndGlobalSection
	GlobalSection(ProjectConfigurationPlatforms) = postSolution
		{C75961C5-82CB-4ED6-95A7-1818F2BFBC31}.Debug|Any CPU.ActiveCfg = Debug|Any CPU
		{C75961C5-82CB-4ED6-95A7-1818F2BFBC31}.Debug|Any CPU.Build.0 = Debug|Any CPU
		{C75961C5-82CB-4ED6-95A7-1818F2BFBC31}.Release|Any CPU.ActiveCfg = Release|Any CPU
		{C75961C5-82CB-4ED6-95A7-1818F2BFBC31}.Release|Any CPU.Build.0 = Release|Any CPU
	EndGlobalSection
	GlobalSection(SolutionProperties) = preSolution
		HideSolutionNode = FALSE
	EndGlobalSection
	GlobalSection(ExtensibilityGlobals) = postSolution
		SolutionGuid = {D578CB80-84F9-4CD8-9712-609301519B78}
	EndGlobalSection
EndGlobal
